
Microsoft Visual Studio Solution File, Format Version 12.00
# Visual Studio Version 16
VisualStudioVersion = 16.0.33214.272
MinimumVisualStudioVersion = 10.0.40219.1
Project("{FAE04EC0-301F-11D3-BF4B-00C04F79EFBC}") = "Pets", "Pets\Pets.csproj", "{77DE6B96-B1C1-43B0-BF94-1C3FD2917380}"
EndProject
Global
	GlobalSection(SolutionConfigurationPlatforms) = preSolution
		Debug|Any CPU = Debug|Any CPU
		Release|Any CPU = Release|Any CPU
	EndGlobalSection
	GlobalSection(ProjectConfigurationPlatforms) = postSolution
		{77DE6B96-B1C1-43B0-BF94-1C3FD2917380}.Debug|Any CPU.ActiveCfg = Debug|Any CPU
		{77DE6B96-B1C1-43B0-BF94-1C3FD2917380}.Debug|Any CPU.Build.0 = Debug|Any CPU
		{77DE6B96-B1C1-43B0-BF94-1C3FD2917380}.Release|Any CPU.ActiveCfg = Release|Any CPU
		{77DE6B96-B1C1-43B0-BF94-1C3FD2917380}.Release|Any CPU.Build.0 = Release|Any CPU
	EndGlobalSection
	GlobalSection(SolutionProperties) = preSolution
		HideSolutionNode = FALSE
	EndGlobalSection
	GlobalSection(ExtensibilityGlobals) = postSolution
		SolutionGuid = {F8E767A6-AA36-4797-B796-AFF023A8F401}
	EndGlobalSection
EndGlobal
